
Microsoft Visual Studio Solution File, Format Version 12.00
# Visual Studio Version 16
VisualStudioVersion = 16.0.32929.386
MinimumVisualStudioVersion = 10.0.40219.1
Project("{FAE04EC0-301F-11D3-BF4B-00C04F79EFBC}") = "Gym Management System", "Gym Management System\Gym Management System.csproj", "{F6068EDA-4B30-4B43-AC92-7B636DE6ADB4}"
EndProject
Global
	GlobalSection(SolutionConfigurationPlatforms) = preSolution
		Debug|Any CPU = Debug|Any CPU
		Release|Any CPU = Release|Any CPU
	EndGlobalSection
	GlobalSection(ProjectConfigurationPlatforms) = postSolution
		{F6068EDA-4B30-4B43-AC92-7B636DE6ADB4}.Debug|Any CPU.ActiveCfg = Debug|Any CPU
		{F6068EDA-4B30-4B43-AC92-7B636DE6ADB4}.Debug|Any CPU.Build.0 = Debug|Any CPU
		{F6068EDA-4B30-4B43-AC92-7B636DE6ADB4}.Release|Any CPU.ActiveCfg = Release|Any CPU
		{F6068EDA-4B30-4B43-AC92-7B636DE6ADB4}.Release|Any CPU.Build.0 = Release|Any CPU
	EndGlobalSection
	GlobalSection(SolutionProperties) = preSolution
		HideSolutionNode = FALSE
	EndGlobalSection
	GlobalSection(ExtensibilityGlobals) = postSolution
		SolutionGuid = {998B594A-7729-45B1-8CB2-71EA136A6115}
	EndGlobalSection
EndGlobal
